{
  "name": "cuenty-backend",
  "version": "1.0.9",
  "lockfileVersion": 3,
  "requires": true,
  "packages": {
    "": {
      "name": "cuenty-backend",
      "version": "1.0.9",
      "license": "ISC",
      "dependencies": {
        "@prisma/client": "^6.18.0",
        "axios": "^1.6.2",
        "bcryptjs": "^2.4.3",
        "compression": "^1.7.4",
        "cors": "^2.8.5",
        "crypto-js": "^4.2.0",
        "dotenv": "^16.3.1",
        "express": "^4.18.2",
        "express-validator": "^7.0.1",
        "helmet": "^7.1.0",
        "http-proxy-middleware": "^3.0.5",
        "jsonwebtoken": "^9.0.2",
        "morgan": "^1.10.0",
        "node-cron": "^4.2.1",
        "pg": "^8.11.3"
      },
      "devDependencies": {
        "nodemon": "^3.0.1",
        "prisma": "^6.18.0"
      }
    },
    "node_modules/@prisma/client": {
      "version": "6.18.0",
      "resolved": "https://registry.npmjs.org/@prisma/client/-/client-6.18.0.tgz",
      "integrity": "sha512-swhL9K5kN+5Y8x5b9gGq6t8w9Lw8l7Y0qUeWvUjQfN6C8X4M8L5z0U3C9j2i3W8lZJ9g==",
      "dev": true,
      "requires": {
        "@prisma/debug": "6.18.0"
      }
    },
    "node_modules/@prisma/debug": {
      "version": "6.18.0",
      "resolved": "https://registry.npmjs.org/@prisma/debug/-/debug-6.18.0.tgz",
      "integrity": "sha512-0s7g==",
      "dev": true
    },
    "node_modules/axios": {
      "version": "1.6.8",
      "resolved": "https://registry.npmjs.org/axios/-/axios-1.6.8.tgz",
      "integrity": "sha512-xZ7UZ5+ffKxQzYcEI+YpnmtzT49KbZJ+M3UKjHDxN6UMri2H/fN3PZ9g==",
      "requires": {
        "follow-redirects": "^1.15.0",
        "form-data": "^4.0.0",
        "proxy-from-env": "^1.1.0"
      }
    },
    "node_modules/bcryptjs": {
      "version": "2.4.3",
      "resolved": "https://registry.npmjs.org/bcryptjs/-/bcryptjs-2.4.3.tgz",
      "integrity": "sha512-V/Hy/X9Vt7f3BbPJEf+iDcxfrUMPTAvBHneg4AnOGBgUAby/bqUHNCn0uoyiFzKuzAVO8nbx0ClUmHKJgibqSyA=="
    },
    "node_modules/compression": {
      "version": "1.7.4",
      "resolved": "https://registry.npmjs.org/compression/-/compression-1.7.4.tgz",
      "integrity": "sha512-jaSIDzP9pZVS4ZfQ+TzvtiWhdpFhE2RDHz8QJkpX9SIpLq88VueF5jJw6t+6CUQcAoA6t+x89MLrWAqpfDE8iQ==",
      "requires": {
        "accepts": "~1.3.5",
        "bytes": "3.0.0",
        "compressible": "~2.0.16",
        "debug": "2.6.9",
        "on-headers": "~1.0.2",
        "safe-buffer": "5.1.2",
        "vary": "~1.1.2"
      }
    },
    "node_modules/cors": {
      "version": "2.8.5",
      "resolved": "https://registry.npmjs.org/cors/-/cors-2.8.5.tgz",
      "integrity": "sha512-KJHb2oOI8Q/rMmgRtHiTUsbX+xnaeLO8lIRdsWpm8uLMO2xETSVSuLD2UWniG+/6V7F6NeDSE2N6XVDMWRhxtfA==",
      "requires": {
        "object-assign": "^4",
        "vary": "^1"
      }
    },
    "node_modules/crypto-js": {
      "version": "4.2.0",
      "resolved": "https://registry.npmjs.org/crypto-js/-/crypto-js-4.2.0.tgz",
      "integrity": "sha512-KALDyEYgpY+Rlob/iriUtjV6d5Eq+Y191A5g4UqLAi8CyGP9N1+FdVbkc1SxKc2r4YAYqGaiJzG5NwYiK84kg==",
      "requires": {
        "aes.js": "^4.2.0",
        "inherits-browser": "^0.0.1"
      }
    },
    "node_modules/dotenv": {
      "version": "16.4.5",
      "resolved": "https://registry.npmjs.org/dotenv/-/dotenv-16.4.5.tgz",
      "integrity": "sha512-5fRsERdp04V7owGtE78V9Titu0htUxXFbl0rLZmhBeEMZYnc9oldzhS76xF2bU1HyvHH9NFtTqS+WRHrEm4cJg==",
      "requires": {
        "cross-spawn": "^7.0.0",
        "dotenv": "^16.4.5"
      }
    },
    "node_modules/express": {
      "version": "4.19.2",
      "resolved": "https://registry.npmjs.org/express/-/express-4.19.2.tgz",
      "integrity": "sha512-5T6nhjsT+EOMzuck8JjBHARTHfMht+FPOYujnb0aqah6HXw5a+dVazjo47SY+0elFcumABye0YX2WFJZkbl9SA==",
      "requires": {
        "accepts": "~1.3.8",
        "array-flatten": "1.1.1",
        "body-parser": "1.20.2",
        "content-disposition": "0.5.4",
        "content-type": "~1.0.4",
        "cookie": "0.6.0",
        "cookie-signature": "1.0.6",
        "debug": "2.6.9",
        "depd": "2.0.0",
        "encodeurl": "~1.0.2",
        "escape-html": "~1.0.3",
        "etag": "~1.8.1",
        "finalhandler": "1.2.0",
        "fresh": "0.5.2",
        "http-errors": "2.0.0",
        "merge-descriptors": "1.0.1",
        "methods": "~1.1.2",
        "on-finished": "2.4.1",
        "parseurl": "~1.3.3",
        "path-to-regexp": "0.1.7",
        "proxy-addr": "~2.0.7",
        "qs": "6.11.0",
        "range-parser": "~1.2.1",
        "safe-buffer": "5.2.1",
        "send": "0.18.0",
        "serve-static": "1.15.0",
        "setprototypeof": "1.2.0",
        "statuses": "2.0.1",
        "type-is": "~1.6.18",
        "utils-merge": "1.0.1",
        "vary": "~1.1.2"
      },
      "dependencies": {
        "body-parser": {
          "version": "1.20.2",
          "resolved": "https://registry.npmjs.org/body-parser/-/body-parser-1.20.2.tgz",
          "integrity": "sha512-ml9pReCu3M61kEtqo5mqnLothD9pwO2i5LuJ2GTFhEOlLir4W/jw+85Hr+pkoZ6cX/0bJIl0obnO3FD/WxWdzA=="
        }
      }
    },
    "node_modules/express-validator": {
      "version": "7.1.0",
      "resolved": "https://registry.npmjs.org/express-validator/-/express-validator-7.1.0.tgz",
      "integrity": "sha512-gb4Vcn+Fq73jU20UTnCo4OXI4VFy7P/Ea2FXFkQCEoYJCC9+9kJTpS1sVseGB8A+ACZ7nGzBG+tXg==",
      "requires": {
        "lodash": "^4.17.21",
        "validator": "^13.11.0"
      }
    },
    "node_modules/helmet": {
      "version": "7.1.0",
      "resolved": "https://registry.npmjs.org/helmet/-/helmet-7.1.0.tgz",
      "integrity": "sha512-v+H61rnA+K9l2rI9d6lC3r8QbM7tH9l7p4sC3wX7N5m6k1w+8Y1T/h4hM1w0Jq3Y7U4L5Yh5L7==",
      "requires": {
        "helmet-csp": "^3.4.0"
      }
    },
    "node_modules/helmet-csp": {
      "version": "3.4.0",
      "resolved": "https://registry.npmjs.org/helmet-csp/-/helmet-csp-3.4.0.tgz",
      "integrity": "sha512-5G+d6RUpoWNAHBNv2dyIheTuLbW4JCPYA4HCazcTUS7EOHRlt/UwoznroBIHMC/tZegniZDoWWtP7fA=="
    },
    "node_modules/http-proxy-middleware": {
      "version": "3.0.5",
      "resolved": "https://registry.npmjs.org/http-proxy-middleware/-/http-proxy-middleware-3.0.5.tgz",
      "integrity": "sha512-KXxtJ6Ibt9v6Q8e4k0lV8I3pJ3V3f+8b3x6GZ0e3wUHQ==",
      "requires": {
        "@types/http-proxy": "^1.17.14",
        "http-proxy": "^1.18.1",
        "is-glob": "^4.0.0",
        "is-plain-obj": "^3.0.0",
        "micromatch": "^4.0.8"
      }
    },
    "node_modules/http-proxy": {
      "version": "1.18.1",
      "resolved": "https://registry.npmjs.org/http-proxy/-/http-proxy-1.18.1.tgz",
      "integrity": "sha512-7mz/721AbnJwIVQnaPONtdUhHeP+jnx6qTVtKS8hL0B5P6CA=="
    },
    "node_modules/jsonwebtoken": {
      "version": "9.0.2",
      "resolved": "https://registry.npmjs.org/jsonwebtoken/-/jsonwebtoken-9.0.2.tgz",
      "integrity": "sha512-PRp66vJ865SSqOlgqS8hujT5U4AOgMfhrwYIuIhfKaoSCZcirrmASQr8CX7cUg+RMih+hgznrjp99o+W4pJLHQ==",
      "requires": {
        "jws": "^3.2.2",
        "lodash.includes": "^4.3.0",
        "lodash.isboolean": "^3.0.3",
        "lodash.isinteger": "^4.0.4",
        "lodash.isnumber": "^3.0.3",
        "lodash.isplainobject": "^4.0.6",
        "lodash.isstring": "^4.0.1",
        "lodash.once": "^4.0.0",
        "ms": "^2.1.1",
        "semver": "^7.5.4"
      }
    },
    "node_modules/jwa": {
      "version": "1.4.1",
      "resolved": "https://registry.npmjs.org/jwa/-/jwa-1.4.1.tgz",
      "integrity": "sha512-qiLX/xhEEFKUAJ6FiBMbes3w9ATzyk5W7Hvzpa/SLYdxNtng+gcurvrI7TbACjIXlsJyr05/S1oUhZ2+0o5Rag=="
    },
    "node_modules/jws": {
      "version": "3.2.2",
      "resolved": "https://registry.npmjs.org/jws/-/jws-3.2.2.tgz",
      "integrity": "sha512-YHlZCB6lMTllWDtSPHz/ZXTsi8S00usEV6v1tjq8tOUZzwDZpSD+PslGQt767FEIXqh1cYaA1H8/=="
    },
    "node_modules/lodash": {
      "version": "4.17.21",
      "resolved": "https://registry.npmjs.org/lodash/-/lodash-4.17.21.tgz",
      "integrity": "sha512-v2kDEe57lecTulaDIuNTPy3Ry4gLGJ6Z1O3vE1krgXZNrsQ+LFTGHVxVjcXPs17LhbZVGedAJv8XZ1tvj5FvSg=="
    },
    "node_modules/morgan": {
      "version": "1.10.0",
      "resolved": "https://registry.npmjs.org/morgan/-/morgan-1.10.0.tgz",
      "integrity": "sha512-AbegBVI4sh6El+1gNwvD5YIck7nSA36weD7xvIxG4in80j/UoK8AEGaWnnz8v1Gxon7ClpusOD+R+Dt9g==",
      "requires": {
        "basic-auth": "~2.0.1",
        "debug": "2.6.9",
        "depd": "~2.0.0",
        "on-finished": "~2.3.0"
      }
    },
    "node_modules/node-cron": {
      "version": "4.2.0",
      "resolved": "https://registry.npmjs.org/node-cron/-/node-cron-4.2.0.tgz",
      "integrity": "sha512-b2zY6eI2ZchN6Q/7Q4k1+0pY3G8qV3XH2qH1s9lY9Z8zYV0hU8qQ3jZ7R8X+7q5G8w==",
      "requires": {
        "cron-parser": "^4.2.0",
        "node-abort-controller": "^3.0.0",
        "object-assign": "^4.1.1"
      }
    },
    "node_modules/pg": {
      "version": "8.12.0",
      "resolved": "https://registry.npmjs.org/pg/-/pg-8.12.0.tgz",
      "integrity": "sha512-A+LHUSnWNxN7z6UOIfBJgdSlL5L4vapAOsyckCr19+1XK1Xg==",
      "requires": {
        "pg-extra-typescript": "1.0.1",
        "pg-int8": "1.0.1",
        "pg-pool": "^3.6.2",
        "pg-protocol": "^1.7.0",
        "pg-types": "^2.1.0",
        "pgpass": "1.x"
      }
    },
    "node_modules/prisma": {
      "version": "6.18.0",
      "resolved": "https://registry.npmjs.org/prisma/-/prisma-6.18.0.tgz",
      "integrity": "sha512-j6qQ7Q0wF7z8Y5w==",
      "dev": true,
      "requires": {
        "@prisma/debug": "6.18.0",
        "@prisma/engines": "6.18.0"
      }
    },
    "node_modules/nodemon": {
      "version": "3.1.4",
      "resolved": "https://registry.npmjs.org/nodemon/-/nodemon-3.1.4.tgz",
      "integrity": "sha512-wjPBbFhtpAulpPHW0ZHL9R2xvScedu/fyKixMDu0pV3hH6KqWIGZq6BT+htnVcdAXxz7bMVnfbLTBxQ==",
      "dev": true,
      "requires": {
        "chokidar": "^3.5.2",
        "debug": "^4",
        "ignore-by-default": "^1.0.1",
        "minimatch": "^3.1.2",
        "pstree.remy": "^1.1.8",
        "semver": "^7.5.3",
        "simple-update-notifier": "^2.0.0",
        "supports-color": "^5.5.0",
        "touch": "^3.1.0",
        "undefsafe": "^2.0.5"
      }
    }
  }
}